// !$*UTF8*$!
{
	archiveVersion = 1;
	classes = {
	};
	objectVersion = 55;
	objects = {

/* Begin PBXBuildFile section */
		6030E089276E18680024B362 /* data.json in Resources */ = {isa = PBXBuildFile; fileRef = 6030E088276E18680024B362 /* data.json */; };
		6030E091276E19460024B362 /* style.html in Resources */ = {isa = PBXBuildFile; fileRef = 6030E090276E19460024B362 /* style.html */; };
		6030E093276E19E90024B362 /* Module.swift in Sources */ = {isa = PBXBuildFile; fileRef = 6030E092276E19E90024B362 /* Module.swift */; };
		6030E095276E1A6D0024B362 /* Content.swift in Sources */ = {isa = PBXBuildFile; fileRef = 6030E094276E1A6D0024B362 /* Content.swift */; };
		6030E097276E1B550024B362 /* Lesson.swift in Sources */ = {isa = PBXBuildFile; fileRef = 6030E096276E1B550024B362 /* Lesson.swift */; };
		6030E099276E1BBB0024B362 /* Test.swift in Sources */ = {isa = PBXBuildFile; fileRef = 6030E098276E1BBB0024B362 /* Test.swift */; };
		6030E09B276E1C220024B362 /* Question.swift in Sources */ = {isa = PBXBuildFile; fileRef = 6030E09A276E1C220024B362 /* Question.swift */; };
		6030E09D276E1CAB0024B362 /* DataService.swift in Sources */ = {isa = PBXBuildFile; fileRef = 6030E09C276E1CAB0024B362 /* DataService.swift */; };
		606CE56F276D0F020080B762 /* LearningProjectApp.swift in Sources */ = {isa = PBXBuildFile; fileRef = 606CE56E276D0F020080B762 /* LearningProjectApp.swift */; };
		606CE571276D0F020080B762 /* HomeView.swift in Sources */ = {isa = PBXBuildFile; fileRef = 606CE570276D0F020080B762 /* HomeView.swift */; };
		606CE573276D0F060080B762 /* Assets.xcassets in Resources */ = {isa = PBXBuildFile; fileRef = 606CE572276D0F060080B762 /* Assets.xcassets */; };
		606CE576276D0F060080B762 /* Preview Assets.xcassets in Resources */ = {isa = PBXBuildFile; fileRef = 606CE575276D0F060080B762 /* Preview Assets.xcassets */; };
		606CE582276D11BC0080B762 /* ContentModel.swift in Sources */ = {isa = PBXBuildFile; fileRef = 606CE581276D11BC0080B762 /* ContentModel.swift */; };
/* End PBXBuildFile section */

/* Begin PBXFileReference section */
		6030E088276E18680024B362 /* data.json */ = {isa = PBXFileReference; fileEncoding = 4; lastKnownFileType = text.json; path = data.json; sourceTree = "<group>"; };
		6030E090276E19460024B362 /* style.html */ = {isa = PBXFileReference; fileEncoding = 4; lastKnownFileType = text.html; path = style.html; sourceTree = "<group>"; };
		6030E092276E19E90024B362 /* Module.swift */ = {isa = PBXFileReference; lastKnownFileType = sourcecode.swift; path = Module.swift; sourceTree = "<group>"; };
		6030E094276E1A6D0024B362 /* Content.swift */ = {isa = PBXFileReference; lastKnownFileType = sourcecode.swift; path = Content.swift; sourceTree = "<group>"; };
		6030E096276E1B550024B362 /* Lesson.swift */ = {isa = PBXFileReference; lastKnownFileType = sourcecode.swift; path = Lesson.swift; sourceTree = "<group>"; };
		6030E098276E1BBB0024B362 /* Test.swift */ = {isa = PBXFileReference; lastKnownFileType = sourcecode.swift; path = Test.swift; sourceTree = "<group>"; };
		6030E09A276E1C220024B362 /* Question.swift */ = {isa = PBXFileReference; lastKnownFileType = sourcecode.swift; path = Question.swift; sourceTree = "<group>"; };
		6030E09C276E1CAB0024B362 /* DataService.swift */ = {isa = PBXFileReference; lastKnownFileType = sourcecode.swift; path = DataService.swift; sourceTree = "<group>"; };
		606CE56B276D0F020080B762 /* LearningProject.app */ = {isa = PBXFileReference; explicitFileType = wrapper.application; includeInIndex = 0; path = LearningProject.app; sourceTree = BUILT_PRODUCTS_DIR; };
		606CE56E276D0F020080B762 /* LearningProjectApp.swift */ = {isa = PBXFileReference; lastKnownFileType = sourcecode.swift; path = LearningProjectApp.swift; sourceTree = "<group>"; };
		606CE570276D0F020080B762 /* HomeView.swift */ = {isa = PBXFileReference; lastKnownFileType = sourcecode.swift; path = HomeView.swift; sourceTree = "<group>"; };
		606CE572276D0F060080B762 /* Assets.xcassets */ = {isa = PBXFileReference; lastKnownFileType = folder.assetcatalog; path = Assets.xcassets; sourceTree = "<group>"; };
		606CE575276D0F060080B762 /* Preview Assets.xcassets */ = {isa = PBXFileReference; lastKnownFileType = folder.assetcatalog; path = "Preview Assets.xcassets"; sourceTree = "<group>"; };
		606CE581276D11BC0080B762 /* ContentModel.swift */ = {isa = PBXFileReference; lastKnownFileType = sourcecode.swift; path = ContentModel.swift; sourceTree = "<group>"; };
/* End PBXFileReference section */

/* Begin PBXFrameworksBuildPhase section */
		606CE568276D0F020080B762 /* Frameworks */ = {
			isa = PBXFrameworksBuildPhase;
			buildActionMask = 2147483647;
			files = (
			);
			runOnlyForDeploymentPostprocessing = 0;
		};
/* End PBXFrameworksBuildPhase section */

/* Begin PBXGroup section */
		606CE562276D0F020080B762 = {
			isa = PBXGroup;
			children = (
				606CE56D276D0F020080B762 /* LearningProject */,
				606CE56C276D0F020080B762 /* Products */,
			);
			sourceTree = "<group>";
		};
		606CE56C276D0F020080B762 /* Products */ = {
			isa = PBXGroup;
			children = (
				606CE56B276D0F020080B762 /* LearningProject.app */,
			);
			name = Products;
			sourceTree = "<group>";
		};
		606CE56D276D0F020080B762 /* LearningProject */ = {
			isa = PBXGroup;
			children = (
				606CE56E276D0F020080B762 /* LearningProjectApp.swift */,
				606CE580276D0FBE0080B762 /* Utilities */,
				606CE57F276D0FB60080B762 /* Resources */,
				606CE57E276D0FAD0080B762 /* Models */,
				606CE57D276D0FA60080B762 /* ViewModels */,
				606CE57C276D0F9E0080B762 /* Views */,
				606CE572276D0F060080B762 /* Assets.xcassets */,
				606CE574276D0F060080B762 /* Preview Content */,
			);
			path = LearningProject;
			sourceTree = "<group>";
		};
		606CE574276D0F060080B762 /* Preview Content */ = {
			isa = PBXGroup;
			children = (
				606CE575276D0F060080B762 /* Preview Assets.xcassets */,
			);
			path = "Preview Content";
			sourceTree = "<group>";
		};
		606CE57C276D0F9E0080B762 /* Views */ = {
			isa = PBXGroup;
			children = (
				606CE570276D0F020080B762 /* HomeView.swift */,
			);
			path = Views;
			sourceTree = "<group>";
		};
		606CE57D276D0FA60080B762 /* ViewModels */ = {
			isa = PBXGroup;
			children = (
				606CE581276D11BC0080B762 /* ContentModel.swift */,
			);
			path = ViewModels;
			sourceTree = "<group>";
		};
		606CE57E276D0FAD0080B762 /* Models */ = {
			isa = PBXGroup;
			children = (
				6030E092276E19E90024B362 /* Module.swift */,
				6030E094276E1A6D0024B362 /* Content.swift */,
				6030E096276E1B550024B362 /* Lesson.swift */,
				6030E098276E1BBB0024B362 /* Test.swift */,
				6030E09A276E1C220024B362 /* Question.swift */,
			);
			path = Models;
			sourceTree = "<group>";
		};
		606CE57F276D0FB60080B762 /* Resources */ = {
			isa = PBXGroup;
			children = (
				6030E088276E18680024B362 /* data.json */,
				6030E090276E19460024B362 /* style.html */,
			);
			path = Resources;
			sourceTree = "<group>";
		};
		606CE580276D0FBE0080B762 /* Utilities */ = {
			isa = PBXGroup;
			children = (
				6030E09C276E1CAB0024B362 /* DataService.swift */,
			);
			path = Utilities;
			sourceTree = "<group>";
		};
/* End PBXGroup section */

/* Begin PBXNativeTarget section */
		606CE56A276D0F020080B762 /* LearningProject */ = {
			isa = PBXNativeTarget;
			buildConfigurationList = 606CE579276D0F060080B762 /* Build configuration list for PBXNativeTarget "LearningProject" */;
			buildPhases = (
				606CE567276D0F020080B762 /* Sources */,
				606CE568276D0F020080B762 /* Frameworks */,
				606CE569276D0F020080B762 /* Resources */,
			);
			buildRules = (
			);
			dependencies = (
			);
			name = LearningProject;
			productName = LearningProject;
			productReference = 606CE56B276D0F020080B762 /* LearningProject.app */;
			productType = "com.apple.product-type.application";
		};
/* End PBXNativeTarget section */

/* Begin PBXProject section */
		606CE563276D0F020080B762 /* Project object */ = {
			isa = PBXProject;
			attributes = {
				BuildIndependentTargetsInParallel = 1;
				LastSwiftUpdateCheck = 1310;
				LastUpgradeCheck = 1310;
				TargetAttributes = {
					606CE56A276D0F020080B762 = {
						CreatedOnToolsVersion = 13.1;
					};
				};
			};
			buildConfigurationList = 606CE566276D0F020080B762 /* Build configuration list for PBXProject "LearningProject" */;
			compatibilityVersion = "Xcode 13.0";
			developmentRegion = en;
			hasScannedForEncodings = 0;
			knownRegions = (
				en,
				Base,
			);
			mainGroup = 606CE562276D0F020080B762;
			productRefGroup = 606CE56C276D0F020080B762 /* Products */;
			projectDirPath = "";
			projectRoot = "";
			targets = (
				606CE56A276D0F020080B762 /* LearningProject */,
			);
		};
/* End PBXProject section */

/* Begin PBXResourcesBuildPhase section */
		606CE569276D0F020080B762 /* Resources */ = {
			isa = PBXResourcesBuildPhase;
			buildActionMask = 2147483647;
			files = (
				606CE576276D0F060080B762 /* Preview Assets.xcassets in Resources */,
				6030E089276E18680024B362 /* data.json in Resources */,
				6030E091276E19460024B362 /* style.html in Resources */,
				606CE573276D0F060080B762 /* Assets.xcassets in Resources */,
			);
			runOnlyForDeploymentPostprocessing = 0;
		};
/* End PBXResourcesBuildPhase section */

/* Begin PBXSourcesBuildPhase section */
		606CE567276D0F020080B762 /* Sources */ = {
			isa = PBXSourcesBuildPhase;
			buildActionMask = 2147483647;
			files = (
				6030E09D276E1CAB0024B362 /* DataService.swift in Sources */,
				606CE571276D0F020080B762 /* HomeView.swift in Sources */,
				6030E09B276E1C220024B362 /* Question.swift in Sources */,
				6030E093276E19E90024B362 /* Module.swift in Sources */,
				606CE56F276D0F020080B762 /* LearningProjectApp.swift in Sources */,
				6030E099276E1BBB0024B362 /* Test.swift in Sources */,
				6030E097276E1B550024B362 /* Lesson.swift in Sources */,
				6030E095276E1A6D0024B362 /* Content.swift in Sources */,
				606CE582276D11BC0080B762 /* ContentModel.swift in Sources */,
			);
			runOnlyForDeploymentPostprocessing = 0;
		};
/* End PBXSourcesBuildPhase section */

/* Begin XCBuildConfiguration section */
		606CE577276D0F060080B762 /* Debug */ = {
			isa = XCBuildConfiguration;
			buildSettings = {
				ALWAYS_SEARCH_USER_PATHS = NO;
				CLANG_ANALYZER_NONNULL = YES;
				CLANG_ANALYZER_NUMBER_OBJECT_CONVERSION = YES_AGGRESSIVE;
				CLANG_CXX_LANGUAGE_STANDARD = "gnu++17";
				CLANG_CXX_LIBRARY = "libc++";
				CLANG_ENABLE_MODULES = YES;
				CLANG_ENABLE_OBJC_ARC = YES;
				CLANG_ENABLE_OBJC_WEAK = YES;
				CLANG_WARN_BLOCK_CAPTURE_AUTORELEASING = YES;
				CLANG_WARN_BOOL_CONVERSION = YES;
				CLANG_WARN_COMMA = YES;
				CLANG_WARN_CONSTANT_CONVERSION = YES;
				CLANG_WARN_DEPRECATED_OBJC_IMPLEMENTATIONS = YES;
				CLANG_WARN_DIRECT_OBJC_ISA_USAGE = YES_ERROR;
				CLANG_WARN_DOCUMENTATION_COMMENTS = YES;
				CLANG_WARN_EMPTY_BODY = YES;
				CLANG_WARN_ENUM_CONVERSION = YES;
				CLANG_WARN_INFINITE_RECURSION = YES;
				CLANG_WARN_INT_CONVERSION = YES;
				CLANG_WARN_NON_LITERAL_NULL_CONVERSION = YES;
				CLANG_WARN_OBJC_IMPLICIT_RETAIN_SELF = YES;
				CLANG_WARN_OBJC_LITERAL_CONVERSION = YES;
				CLANG_WARN_OBJC_ROOT_CLASS = YES_ERROR;
				CLANG_WARN_QUOTED_INCLUDE_IN_FRAMEWORK_HEADER = YES;
				CLANG_WARN_RANGE_LOOP_ANALYSIS = YES;
				CLANG_WARN_STRICT_PROTOTYPES = YES;
				CLANG_WARN_SUSPICIOUS_MOVE = YES;
				CLANG_WARN_UNGUARDED_AVAILABILITY = YES_AGGRESSIVE;
				CLANG_WARN_UNREACHABLE_CODE = YES;
				CLANG_WARN__DUPLICATE_METHOD_MATCH = YES;
				COPY_PHASE_STRIP = NO;
				DEBUG_INFORMATION_FORMAT = dwarf;
				ENABLE_STRICT_OBJC_MSGSEND = YES;
				ENABLE_TESTABILITY = YES;
				GCC_C_LANGUAGE_STANDARD = gnu11;
				GCC_DYNAMIC_NO_PIC = NO;
				GCC_NO_COMMON_BLOCKS = YES;
				GCC_OPTIMIZATION_LEVEL = 0;
				GCC_PREPROCESSOR_DEFINITIONS = (
					"DEBUG=1",
					"$(inherited)",
				);
				GCC_WARN_64_TO_32_BIT_CONVERSION = YES;
				GCC_WARN_ABOUT_RETURN_TYPE = YES_ERROR;
				GCC_WARN_UNDECLARED_SELECTOR = YES;
				GCC_WARN_UNINITIALIZED_AUTOS = YES_AGGRESSIVE;
				GCC_WARN_UNUSED_FUNCTION = YES;
				GCC_WARN_UNUSED_VARIABLE = YES;
				IPHONEOS_DEPLOYMENT_TARGET = 15.0;
				MTL_ENABLE_DEBUG_INFO = INCLUDE_SOURCE;
				MTL_FAST_MATH = YES;
				ONLY_ACTIVE_ARCH = YES;
				SDKROOT = iphoneos;
				SWIFT_ACTIVE_COMPILATION_CONDITIONS = DEBUG;
				SWIFT_OPTIMIZATION_LEVEL = "-Onone";
			};
			name = Debug;
		};
		606CE578276D0F060080B762 /* Release */ = {
			isa = XCBuildConfiguration;
			buildSettings = {
				ALWAYS_SEARCH_USER_PATHS = NO;
				CLANG_ANALYZER_NONNULL = YES;
				CLANG_ANALYZER_NUMBER_OBJECT_CONVERSION = YES_AGGRESSIVE;
				CLANG_CXX_LANGUAGE_STANDARD = "gnu++17";
				CLANG_CXX_LIBRARY = "libc++";
				CLANG_ENABLE_MODULES = YES;
				CLANG_ENABLE_OBJC_ARC = YES;
				CLANG_ENABLE_OBJC_WEAK = YES;
				CLANG_WARN_BLOCK_CAPTURE_AUTORELEASING = YES;
				CLANG_WARN_BOOL_CONVERSION = YES;
				CLANG_WARN_COMMA = YES;
				CLANG_WARN_CONSTANT_CONVERSION = YES;
				CLANG_WARN_DEPRECATED_OBJC_IMPLEMENTATIONS = YES;
				CLANG_WARN_DIRECT_OBJC_ISA_USAGE = YES_ERROR;
				CLANG_WARN_DOCUMENTATION_COMMENTS = YES;
				CLANG_WARN_EMPTY_BODY = YES;
				CLANG_WARN_ENUM_CONVERSION = YES;
				CLANG_WARN_INFINITE_RECURSION = YES;
				CLANG_WARN_INT_CONVERSION = YES;
				CLANG_WARN_NON_LITERAL_NULL_CONVERSION = YES;
				CLANG_WARN_OBJC_IMPLICIT_RETAIN_SELF = YES;
				CLANG_WARN_OBJC_LITERAL_CONVERSION = YES;
				CLANG_WARN_OBJC_ROOT_CLASS = YES_ERROR;
				CLANG_WARN_QUOTED_INCLUDE_IN_FRAMEWORK_HEADER = YES;
				CLANG_WARN_RANGE_LOOP_ANALYSIS = YES;
				CLANG_WARN_STRICT_PROTOTYPES = YES;
				CLANG_WARN_SUSPICIOUS_MOVE = YES;
				CLANG_WARN_UNGUARDED_AVAILABILITY = YES_AGGRESSIVE;
				CLANG_WARN_UNREACHABLE_CODE = YES;
				CLANG_WARN__DUPLICATE_METHOD_MATCH = YES;
				COPY_PHASE_STRIP = NO;
				DEBUG_INFORMATION_FORMAT = "dwarf-with-dsym";
				ENABLE_NS_ASSERTIONS = NO;
				ENABLE_STRICT_OBJC_MSGSEND = YES;
				GCC_C_LANGUAGE_STANDARD = gnu11;
				GCC_NO_COMMON_BLOCKS = YES;
				GCC_WARN_64_TO_32_BIT_CONVERSION = YES;
				GCC_WARN_ABOUT_RETURN_TYPE = YES_ERROR;
				GCC_WARN_UNDECLARED_SELECTOR = YES;
				GCC_WARN_UNINITIALIZED_AUTOS = YES_AGGRESSIVE;
				GCC_WARN_UNUSED_FUNCTION = YES;
				GCC_WARN_UNUSED_VARIABLE = YES;
				IPHONEOS_DEPLOYMENT_TARGET = 15.0;
				MTL_ENABLE_DEBUG_INFO = NO;
				MTL_FAST_MATH = YES;
				SDKROOT = iphoneos;
				SWIFT_COMPILATION_MODE = wholemodule;
				SWIFT_OPTIMIZATION_LEVEL = "-O";
				VALIDATE_PRODUCT = YES;
			};
			name = Release;
		};
		606CE57A276D0F060080B762 /* Debug */ = {
			isa = XCBuildConfiguration;
			buildSettings = {
				ASSETCATALOG_COMPILER_APPICON_NAME = AppIcon;
				ASSETCATALOG_COMPILER_GLOBAL_ACCENT_COLOR_NAME = AccentColor;
				CODE_SIGN_STYLE = Automatic;
				CURRENT_PROJECT_VERSION = 1;
				DEVELOPMENT_ASSET_PATHS = "\"LearningProject/Preview Content\"";
				DEVELOPMENT_TEAM = VRLV22H8M5;
				ENABLE_PREVIEWS = YES;
				GENERATE_INFOPLIST_FILE = YES;
				INFOPLIST_KEY_UIApplicationSceneManifest_Generation = YES;
				INFOPLIST_KEY_UIApplicationSupportsIndirectInputEvents = YES;
				INFOPLIST_KEY_UILaunchScreen_Generation = YES;
				INFOPLIST_KEY_UISupportedInterfaceOrientations_iPad = "UIInterfaceOrientationPortrait UIInterfaceOrientationPortraitUpsideDown UIInterfaceOrientationLandscapeLeft UIInterfaceOrientationLandscapeRight";
				INFOPLIST_KEY_UISupportedInterfaceOrientations_iPhone = "UIInterfaceOrientationPortrait UIInterfaceOrientationLandscapeLeft UIInterfaceOrientationLandscapeRight";
				LD_RUNPATH_SEARCH_PATHS = (
					"$(inherited)",
					"@executable_path/Frameworks",
				);
				MARKETING_VERSION = 1.0;
				PRODUCT_BUNDLE_IDENTIFIER = com.mattmakes.LearningProject;
				PRODUCT_NAME = "$(TARGET_NAME)";
				SWIFT_EMIT_LOC_STRINGS = YES;
				SWIFT_VERSION = 5.0;
				TARGETED_DEVICE_FAMILY = "1,2";
			};
			name = Debug;
		};
		606CE57B276D0F060080B762 /* Release */ = {
			isa = XCBuildConfiguration;
			buildSettings = {
				ASSETCATALOG_COMPILER_APPICON_NAME = AppIcon;
				ASSETCATALOG_COMPILER_GLOBAL_ACCENT_COLOR_NAME = AccentColor;
				CODE_SIGN_STYLE = Automatic;
				CURRENT_PROJECT_VERSION = 1;
				DEVELOPMENT_ASSET_PATHS = "\"LearningProject/Preview Content\"";
				DEVELOPMENT_TEAM = VRLV22H8M5;
				ENABLE_PREVIEWS = YES;
				GENERATE_INFOPLIST_FILE = YES;
				INFOPLIST_KEY_UIApplicationSceneManifest_Generation = YES;
				INFOPLIST_KEY_UIApplicationSupportsIndirectInputEvents = YES;
				INFOPLIST_KEY_UILaunchScreen_Generation = YES;
				INFOPLIST_KEY_UISupportedInterfaceOrientations_iPad = "UIInterfaceOrientationPortrait UIInterfaceOrientationPortraitUpsideDown UIInterfaceOrientationLandscapeLeft UIInterfaceOrientationLandscapeRight";
				INFOPLIST_KEY_UISupportedInterfaceOrientations_iPhone = "UIInterfaceOrientationPortrait UIInterfaceOrientationLandscapeLeft UIInterfaceOrientationLandscapeRight";
				LD_RUNPATH_SEARCH_PATHS = (
					"$(inherited)",
					"@executable_path/Frameworks",
				);
				MARKETING_VERSION = 1.0;
				PRODUCT_BUNDLE_IDENTIFIER = com.mattmakes.LearningProject;
				PRODUCT_NAME = "$(TARGET_NAME)";
				SWIFT_EMIT_LOC_STRINGS = YES;
				SWIFT_VERSION = 5.0;
				TARGETED_DEVICE_FAMILY = "1,2";
			};
			name = Release;
		};
/* End XCBuildConfiguration section */

/* Begin XCConfigurationList section */
		606CE566276D0F020080B762 /* Build configuration list for PBXProject "LearningProject" */ = {
			isa = XCConfigurationList;
			buildConfigurations = (
				606CE577276D0F060080B762 /* Debug */,
				606CE578276D0F060080B762 /* Release */,
			);
			defaultConfigurationIsVisible = 0;
			defaultConfigurationName = Release;
		};
		606CE579276D0F060080B762 /* Build configuration list for PBXNativeTarget "LearningProject" */ = {
			isa = XCConfigurationList;
			buildConfigurations = (
				606CE57A276D0F060080B762 /* Debug */,
				606CE57B276D0F060080B762 /* Release */,
			);
			defaultConfigurationIsVisible = 0;
			defaultConfigurationName = Release;
		};
/* End XCConfigurationList section */
	};
	rootObject = 606CE563276D0F020080B762 /* Project object */;
}
